
Microsoft Visual Studio Solution File, Format Version 12.00
# Visual Studio Version 16
VisualStudioVersion = 16.0.33423.256
MinimumVisualStudioVersion = 10.0.40219.1
Project("{FAE04EC0-301F-11D3-BF4B-00C04F79EFBC}") = "HelloWorldCoreWithVisoualStudio", "HelloWorldCoreWithVisoualStudio\HelloWorldCoreWithVisoualStudio.csproj", "{FBC57089-2F8C-44ED-B23F-99831998C8D2}"
EndProject
Global
	GlobalSection(SolutionConfigurationPlatforms) = preSolution
		Debug|Any CPU = Debug|Any CPU
		Release|Any CPU = Release|Any CPU
	EndGlobalSection
	GlobalSection(ProjectConfigurationPlatforms) = postSolution
		{FBC57089-2F8C-44ED-B23F-99831998C8D2}.Debug|Any CPU.ActiveCfg = Debug|Any CPU
		{FBC57089-2F8C-44ED-B23F-99831998C8D2}.Debug|Any CPU.Build.0 = Debug|Any CPU
		{FBC57089-2F8C-44ED-B23F-99831998C8D2}.Release|Any CPU.ActiveCfg = Release|Any CPU
		{FBC57089-2F8C-44ED-B23F-99831998C8D2}.Release|Any CPU.Build.0 = Release|Any CPU
	EndGlobalSection
	GlobalSection(SolutionProperties) = preSolution
		HideSolutionNode = FALSE
	EndGlobalSection
	GlobalSection(ExtensibilityGlobals) = postSolution
		SolutionGuid = {6AEB4767-5A91-4CFF-8A73-C9848200DC4C}
	EndGlobalSection
EndGlobal
