
Microsoft Visual Studio Solution File, Format Version 12.00
# Visual Studio Version 16
VisualStudioVersion = 16.0.33529.622
MinimumVisualStudioVersion = 10.0.40219.1
Project("{FAE04EC0-301F-11D3-BF4B-00C04F79EFBC}") = "WpfApp7", "WpfApp7\WpfApp7.csproj", "{A930FE3A-E26C-4C92-AA44-A30A79C493BE}"
EndProject
Global
	GlobalSection(SolutionConfigurationPlatforms) = preSolution
		Debug|Any CPU = Debug|Any CPU
		Release|Any CPU = Release|Any CPU
	EndGlobalSection
	GlobalSection(ProjectConfigurationPlatforms) = postSolution
		{A930FE3A-E26C-4C92-AA44-A30A79C493BE}.Debug|Any CPU.ActiveCfg = Debug|Any CPU
		{A930FE3A-E26C-4C92-AA44-A30A79C493BE}.Debug|Any CPU.Build.0 = Debug|Any CPU
		{A930FE3A-E26C-4C92-AA44-A30A79C493BE}.Release|Any CPU.ActiveCfg = Release|Any CPU
		{A930FE3A-E26C-4C92-AA44-A30A79C493BE}.Release|Any CPU.Build.0 = Release|Any CPU
	EndGlobalSection
	GlobalSection(SolutionProperties) = preSolution
		HideSolutionNode = FALSE
	EndGlobalSection
	GlobalSection(ExtensibilityGlobals) = postSolution
		SolutionGuid = {6AD7F3E4-223D-4328-834B-A655DB87E266}
	EndGlobalSection
EndGlobal
